
Microsoft Visual Studio Solution File, Format Version 12.00
# Visual Studio 14
VisualStudioVersion = 14.0.25420.1
MinimumVisualStudioVersion = 10.0.40219.1
Project("{FAE04EC0-301F-11D3-BF4B-00C04F79EFBC}") = "ConversoesVariaveis", "ConversoesVariaveis\ConversoesVariaveis.csproj", "{CA791C88-4D69-4FFC-9790-D6F161E35406}"
EndProject
Global
	GlobalSection(SolutionConfigurationPlatforms) = preSolution
		Debug|Any CPU = Debug|Any CPU
		Release|Any CPU = Release|Any CPU
	EndGlobalSection
	GlobalSection(ProjectConfigurationPlatforms) = postSolution
		{CA791C88-4D69-4FFC-9790-D6F161E35406}.Debug|Any CPU.ActiveCfg = Debug|Any CPU
		{CA791C88-4D69-4FFC-9790-D6F161E35406}.Debug|Any CPU.Build.0 = Debug|Any CPU
		{CA791C88-4D69-4FFC-9790-D6F161E35406}.Release|Any CPU.ActiveCfg = Release|Any CPU
		{CA791C88-4D69-4FFC-9790-D6F161E35406}.Release|Any CPU.Build.0 = Release|Any CPU
	EndGlobalSection
	GlobalSection(SolutionProperties) = preSolution
		HideSolutionNode = FALSE
	EndGlobalSection
EndGlobal
