
Microsoft Visual Studio Solution File, Format Version 12.00
# Visual Studio 14
VisualStudioVersion = 14.0.25420.1
MinimumVisualStudioVersion = 10.0.40219.1
Project("{FAE04EC0-301F-11D3-BF4B-00C04F79EFBC}") = "ScrapeClient", "ScrapeClient\ScrapeClient.csproj", "{1F956C53-323F-4DDD-B44A-E2B82831D23B}"
EndProject
Project("{FAE04EC0-301F-11D3-BF4B-00C04F79EFBC}") = "ScrapeLibrary", "ScrapeLibrary\ScrapeLibrary.csproj", "{9B4138DE-7D28-41FD-BA21-6B35441194CA}"
EndProject
Global
	GlobalSection(SolutionConfigurationPlatforms) = preSolution
		Debug|Any CPU = Debug|Any CPU
		Release|Any CPU = Release|Any CPU
	EndGlobalSection
	GlobalSection(ProjectConfigurationPlatforms) = postSolution
		{1F956C53-323F-4DDD-B44A-E2B82831D23B}.Debug|Any CPU.ActiveCfg = Debug|Any CPU
		{1F956C53-323F-4DDD-B44A-E2B82831D23B}.Debug|Any CPU.Build.0 = Debug|Any CPU
		{1F956C53-323F-4DDD-B44A-E2B82831D23B}.Release|Any CPU.ActiveCfg = Release|Any CPU
		{1F956C53-323F-4DDD-B44A-E2B82831D23B}.Release|Any CPU.Build.0 = Release|Any CPU
		{9B4138DE-7D28-41FD-BA21-6B35441194CA}.Debug|Any CPU.ActiveCfg = Debug|Any CPU
		{9B4138DE-7D28-41FD-BA21-6B35441194CA}.Debug|Any CPU.Build.0 = Debug|Any CPU
		{9B4138DE-7D28-41FD-BA21-6B35441194CA}.Release|Any CPU.ActiveCfg = Release|Any CPU
		{9B4138DE-7D28-41FD-BA21-6B35441194CA}.Release|Any CPU.Build.0 = Release|Any CPU
	EndGlobalSection
	GlobalSection(SolutionProperties) = preSolution
		HideSolutionNode = FALSE
	EndGlobalSection
EndGlobal
